
Microsoft Visual Studio Solution File, Format Version 10.00
# Visual C# Express 2008
Project("{FAE04EC0-301F-11D3-BF4B-00C04F79EFBC}") = "MyBrowser", "MyBrowser.csproj", "{813E6D4A-3EC0-4702-B1D9-0CB489DF8AE3}"
EndProject
Global
	GlobalSection(SolutionConfigurationPlatforms) = preSolution
		Debug|Any CPU = Debug|Any CPU
		Release|Any CPU = Release|Any CPU
	EndGlobalSection
	GlobalSection(ProjectConfigurationPlatforms) = postSolution
		{813E6D4A-3EC0-4702-B1D9-0CB489DF8AE3}.Debug|Any CPU.ActiveCfg = Debug|Any CPU
		{813E6D4A-3EC0-4702-B1D9-0CB489DF8AE3}.Debug|Any CPU.Build.0 = Debug|Any CPU
		{813E6D4A-3EC0-4702-B1D9-0CB489DF8AE3}.Release|Any CPU.ActiveCfg = Release|Any CPU
		{813E6D4A-3EC0-4702-B1D9-0CB489DF8AE3}.Release|Any CPU.Build.0 = Release|Any CPU
	EndGlobalSection
	GlobalSection(SolutionProperties) = preSolution
		HideSolutionNode = FALSE
	EndGlobalSection
EndGlobal
